
Microsoft Visual Studio Solution File, Format Version 12.00
# Visual Studio Version 16
VisualStudioVersion = 16.0.32802.440
MinimumVisualStudioVersion = 10.0.40219.1
Project("{FAE04EC0-301F-11D3-BF4B-00C04F79EFBC}") = "EngineeringGUI", "EngineeringGUI\EngineeringGUI.csproj", "{4FE40331-EC9E-431B-B195-7D5320FDA50B}"
EndProject
Global
	GlobalSection(SolutionConfigurationPlatforms) = preSolution
		Debug|Any CPU = Debug|Any CPU
		Release|Any CPU = Release|Any CPU
	EndGlobalSection
	GlobalSection(ProjectConfigurationPlatforms) = postSolution
		{4FE40331-EC9E-431B-B195-7D5320FDA50B}.Debug|Any CPU.ActiveCfg = Debug|Any CPU
		{4FE40331-EC9E-431B-B195-7D5320FDA50B}.Debug|Any CPU.Build.0 = Debug|Any CPU
		{4FE40331-EC9E-431B-B195-7D5320FDA50B}.Release|Any CPU.ActiveCfg = Release|Any CPU
		{4FE40331-EC9E-431B-B195-7D5320FDA50B}.Release|Any CPU.Build.0 = Release|Any CPU
	EndGlobalSection
	GlobalSection(SolutionProperties) = preSolution
		HideSolutionNode = FALSE
	EndGlobalSection
	GlobalSection(ExtensibilityGlobals) = postSolution
		SolutionGuid = {DE8B5005-E4D8-4B57-8110-9BD7100E813D}
	EndGlobalSection
EndGlobal
